
Microsoft Visual Studio Solution File, Format Version 12.00
# Visual Studio Version 17
VisualStudioVersion = 17.8.34330.188
MinimumVisualStudioVersion = 10.0.40219.1
Project("{FAE04EC0-301F-11D3-BF4B-00C04F79EFBC}") = "TestSQLiteInMAUI", "TestSQLiteInMAUI.csproj", "{10A6AEBC-8791-4385-88D7-812D57D2636C}"
EndProject
Global
	GlobalSection(SolutionConfigurationPlatforms) = preSolution
		Debug|Any CPU = Debug|Any CPU
		Release|Any CPU = Release|Any CPU
	EndGlobalSection
	GlobalSection(ProjectConfigurationPlatforms) = postSolution
		{10A6AEBC-8791-4385-88D7-812D57D2636C}.Debug|Any CPU.ActiveCfg = Debug|Any CPU
		{10A6AEBC-8791-4385-88D7-812D57D2636C}.Debug|Any CPU.Build.0 = Debug|Any CPU
		{10A6AEBC-8791-4385-88D7-812D57D2636C}.Debug|Any CPU.Deploy.0 = Debug|Any CPU
		{10A6AEBC-8791-4385-88D7-812D57D2636C}.Release|Any CPU.ActiveCfg = Release|Any CPU
		{10A6AEBC-8791-4385-88D7-812D57D2636C}.Release|Any CPU.Build.0 = Release|Any CPU
		{10A6AEBC-8791-4385-88D7-812D57D2636C}.Release|Any CPU.Deploy.0 = Release|Any CPU
	EndGlobalSection
	GlobalSection(SolutionProperties) = preSolution
		HideSolutionNode = FALSE
	EndGlobalSection
	GlobalSection(ExtensibilityGlobals) = postSolution
		SolutionGuid = {32D13FB3-C173-4A4D-9819-E8791C0F3C16}
	EndGlobalSection
EndGlobal
